
Microsoft Visual Studio Solution File, Format Version 12.00
Project("{FAE04EC0-301F-11D3-BF4B-00C04F79EFBC}") = "Movies.Contracts", "Movies.Contracts\Movies.Contracts.csproj", "{9426726B-ECA6-4426-BA46-2F49A9A69A95}"
EndProject
Project("{FAE04EC0-301F-11D3-BF4B-00C04F79EFBC}") = "Movies.Application", "Movies.Application\Movies.Application.csproj", "{13EF11AA-F2A3-44B7-8AD8-8F752C645054}"
EndProject
Project("{FAE04EC0-301F-11D3-BF4B-00C04F79EFBC}") = "Movies.Api", "Movies.Api\Movies.Api.csproj", "{D539B0DE-A328-4995-8462-628CEEBF97F5}"
EndProject
Project("{FAE04EC0-301F-11D3-BF4B-00C04F79EFBC}") = "Identity.Api", "Identity.Api\Identity.Api.csproj", "{2956094D-093C-4241-B11E-0D5263E0FC66}"
EndProject
Project("{FAE04EC0-301F-11D3-BF4B-00C04F79EFBC}") = "Movies.Application.Tests", "Movies.Application.Tests\Movies.Application.Tests.csproj", "{A26E0ADE-B624-4D65-B2FF-0A085EF759A8}"
EndProject
Project("{FAE04EC0-301F-11D3-BF4B-00C04F79EFBC}") = "Movies.Api.Sdk", "Movies.Api.Sdk\Movies.Api.Sdk.csproj", "{C37A1E7D-11BC-4DE7-8906-7A8F93E458DC}"
EndProject
Project("{FAE04EC0-301F-11D3-BF4B-00C04F79EFBC}") = "Movies.Api.Sdk.Consumer", "Movies.Api.Sdk.Consumer\Movies.Api.Sdk.Consumer.csproj", "{C8C04E11-2FE0-4839-A1E1-01EA88E3D4F4}"
EndProject
Project("{2150E333-8FDC-42A3-9474-1A3956D46DE8}") = "SDK", "SDK", "{963A73FE-D486-4A92-BC7A-2838B278F80D}"
EndProject
Project("{2150E333-8FDC-42A3-9474-1A3956D46DE8}") = "IAM", "IAM", "{CB749BE1-E0DC-4F03-A751-C84914846967}"
EndProject
Project("{FAE04EC0-301F-11D3-BF4B-00C04F79EFBC}") = "Movies.Api.Tests", "Movies.Api.Tests\Movies.Api.Tests.csproj", "{A4731E4F-E5F6-411A-9351-4FF9C5EE9906}"
EndProject
Project("{FAE04EC0-301F-11D3-BF4B-00C04F79EFBC}") = "Movies.DbTool", "Movies.DbTool\Movies.DbTool.csproj", "{A9DC21A0-8CA8-4F06-A302-062A0045D8A3}"
EndProject
Project("{2150E333-8FDC-42A3-9474-1A3956D46DE8}") = "DATA", "DATA", "{E57EFD00-4D09-422E-80A7-0E296309D318}"
EndProject
Project("{2150E333-8FDC-42A3-9474-1A3956D46DE8}") = "Scripts", "Scripts", "{C0B1A132-506A-4F19-A67A-58C1E869FC9A}"
	ProjectSection(SolutionItems) = preProject
		scripts\tmdb-to-ndjson.jq = scripts\tmdb-to-ndjson.jq
		scripts\create-importer-role.sql = scripts\create-importer-role.sql
		scripts\tests\test_tmdb_transform.sh = scripts\tests\test_tmdb_transform.sh
		scripts\tests\fixtures\expected.ndjson = scripts\tests\fixtures\expected.ndjson
		scripts\tests\fixtures\tmdb-popular-sample.json = scripts\tests\fixtures\tmdb-popular-sample.json
		scripts\tests\fixtures\genre-map.json = scripts\tests\fixtures\genre-map.json
		scripts\import-movies.sql = scripts\import-movies.sql
		scripts\fetch-tmdb.sh = scripts\fetch-tmdb.sh
		scripts\import-transform.sql = scripts\import-transform.sql
	EndProjectSection
EndProject
Project("{FAE04EC0-301F-11D3-BF4B-00C04F79EFBC}") = "Movies.Tests.Shared", "Movies.Tests.Shared\Movies.Tests.Shared.csproj", "{2887A89E-AE78-45B0-8518-AF5C10633291}"
EndProject
Project("{FAE04EC0-301F-11D3-BF4B-00C04F79EFBC}") = "Identity.Api.Tests", "Identity.Api.Tests\Identity.Api.Tests.csproj", "{1541385C-BC9F-41D5-BE61-E367972FB698}"
EndProject
Global
	GlobalSection(SolutionConfigurationPlatforms) = preSolution
		Debug|Any CPU = Debug|Any CPU
		Debug|x64 = Debug|x64
		Debug|x86 = Debug|x86
		Release|Any CPU = Release|Any CPU
		Release|x64 = Release|x64
		Release|x86 = Release|x86
	EndGlobalSection
	GlobalSection(ProjectConfigurationPlatforms) = postSolution
		{9426726B-ECA6-4426-BA46-2F49A9A69A95}.Debug|Any CPU.ActiveCfg = Debug|Any CPU
		{9426726B-ECA6-4426-BA46-2F49A9A69A95}.Debug|Any CPU.Build.0 = Debug|Any CPU
		{9426726B-ECA6-4426-BA46-2F49A9A69A95}.Debug|x64.ActiveCfg = Debug|Any CPU
		{9426726B-ECA6-4426-BA46-2F49A9A69A95}.Debug|x64.Build.0 = Debug|Any CPU
		{9426726B-ECA6-4426-BA46-2F49A9A69A95}.Debug|x86.ActiveCfg = Debug|Any CPU
		{9426726B-ECA6-4426-BA46-2F49A9A69A95}.Debug|x86.Build.0 = Debug|Any CPU
		{9426726B-ECA6-4426-BA46-2F49A9A69A95}.Release|Any CPU.ActiveCfg = Release|Any CPU
		{9426726B-ECA6-4426-BA46-2F49A9A69A95}.Release|Any CPU.Build.0 = Release|Any CPU
		{9426726B-ECA6-4426-BA46-2F49A9A69A95}.Release|x64.ActiveCfg = Release|Any CPU
		{9426726B-ECA6-4426-BA46-2F49A9A69A95}.Release|x64.Build.0 = Release|Any CPU
		{9426726B-ECA6-4426-BA46-2F49A9A69A95}.Release|x86.ActiveCfg = Release|Any CPU
		{9426726B-ECA6-4426-BA46-2F49A9A69A95}.Release|x86.Build.0 = Release|Any CPU
		{13EF11AA-F2A3-44B7-8AD8-8F752C645054}.Debug|Any CPU.ActiveCfg = Debug|Any CPU
		{13EF11AA-F2A3-44B7-8AD8-8F752C645054}.Debug|Any CPU.Build.0 = Debug|Any CPU
		{13EF11AA-F2A3-44B7-8AD8-8F752C645054}.Debug|x64.ActiveCfg = Debug|Any CPU
		{13EF11AA-F2A3-44B7-8AD8-8F752C645054}.Debug|x64.Build.0 = Debug|Any CPU
		{13EF11AA-F2A3-44B7-8AD8-8F752C645054}.Debug|x86.ActiveCfg = Debug|Any CPU
		{13EF11AA-F2A3-44B7-8AD8-8F752C645054}.Debug|x86.Build.0 = Debug|Any CPU
		{13EF11AA-F2A3-44B7-8AD8-8F752C645054}.Release|Any CPU.ActiveCfg = Release|Any CPU
		{13EF11AA-F2A3-44B7-8AD8-8F752C645054}.Release|Any CPU.Build.0 = Release|Any CPU
		{13EF11AA-F2A3-44B7-8AD8-8F752C645054}.Release|x64.ActiveCfg = Release|Any CPU
		{13EF11AA-F2A3-44B7-8AD8-8F752C645054}.Release|x64.Build.0 = Release|Any CPU
		{13EF11AA-F2A3-44B7-8AD8-8F752C645054}.Release|x86.ActiveCfg = Release|Any CPU
		{13EF11AA-F2A3-44B7-8AD8-8F752C645054}.Release|x86.Build.0 = Release|Any CPU
		{D539B0DE-A328-4995-8462-628CEEBF97F5}.Debug|Any CPU.ActiveCfg = Debug|Any CPU
		{D539B0DE-A328-4995-8462-628CEEBF97F5}.Debug|Any CPU.Build.0 = Debug|Any CPU
		{D539B0DE-A328-4995-8462-628CEEBF97F5}.Debug|x64.ActiveCfg = Debug|Any CPU
		{D539B0DE-A328-4995-8462-628CEEBF97F5}.Debug|x64.Build.0 = Debug|Any CPU
		{D539B0DE-A328-4995-8462-628CEEBF97F5}.Debug|x86.ActiveCfg = Debug|Any CPU
		{D539B0DE-A328-4995-8462-628CEEBF97F5}.Debug|x86.Build.0 = Debug|Any CPU
		{D539B0DE-A328-4995-8462-628CEEBF97F5}.Release|Any CPU.ActiveCfg = Release|Any CPU
		{D539B0DE-A328-4995-8462-628CEEBF97F5}.Release|Any CPU.Build.0 = Release|Any CPU
		{D539B0DE-A328-4995-8462-628CEEBF97F5}.Release|x64.ActiveCfg = Release|Any CPU
		{D539B0DE-A328-4995-8462-628CEEBF97F5}.Release|x64.Build.0 = Release|Any CPU
		{D539B0DE-A328-4995-8462-628CEEBF97F5}.Release|x86.ActiveCfg = Release|Any CPU
		{D539B0DE-A328-4995-8462-628CEEBF97F5}.Release|x86.Build.0 = Release|Any CPU
		{2956094D-093C-4241-B11E-0D5263E0FC66}.Debug|Any CPU.ActiveCfg = Debug|Any CPU
		{2956094D-093C-4241-B11E-0D5263E0FC66}.Debug|Any CPU.Build.0 = Debug|Any CPU
		{2956094D-093C-4241-B11E-0D5263E0FC66}.Debug|x64.ActiveCfg = Debug|Any CPU
		{2956094D-093C-4241-B11E-0D5263E0FC66}.Debug|x64.Build.0 = Debug|Any CPU
		{2956094D-093C-4241-B11E-0D5263E0FC66}.Debug|x86.ActiveCfg = Debug|Any CPU
		{2956094D-093C-4241-B11E-0D5263E0FC66}.Debug|x86.Build.0 = Debug|Any CPU
		{2956094D-093C-4241-B11E-0D5263E0FC66}.Release|Any CPU.ActiveCfg = Release|Any CPU
		{2956094D-093C-4241-B11E-0D5263E0FC66}.Release|Any CPU.Build.0 = Release|Any CPU
		{2956094D-093C-4241-B11E-0D5263E0FC66}.Release|x64.ActiveCfg = Release|Any CPU
		{2956094D-093C-4241-B11E-0D5263E0FC66}.Release|x64.Build.0 = Release|Any CPU
		{2956094D-093C-4241-B11E-0D5263E0FC66}.Release|x86.ActiveCfg = Release|Any CPU
		{2956094D-093C-4241-B11E-0D5263E0FC66}.Release|x86.Build.0 = Release|Any CPU
		{A26E0ADE-B624-4D65-B2FF-0A085EF759A8}.Debug|Any CPU.ActiveCfg = Debug|Any CPU
		{A26E0ADE-B624-4D65-B2FF-0A085EF759A8}.Debug|Any CPU.Build.0 = Debug|Any CPU
		{A26E0ADE-B624-4D65-B2FF-0A085EF759A8}.Debug|x64.ActiveCfg = Debug|Any CPU
		{A26E0ADE-B624-4D65-B2FF-0A085EF759A8}.Debug|x64.Build.0 = Debug|Any CPU
		{A26E0ADE-B624-4D65-B2FF-0A085EF759A8}.Debug|x86.ActiveCfg = Debug|Any CPU
		{A26E0ADE-B624-4D65-B2FF-0A085EF759A8}.Debug|x86.Build.0 = Debug|Any CPU
		{A26E0ADE-B624-4D65-B2FF-0A085EF759A8}.Release|Any CPU.ActiveCfg = Release|Any CPU
		{A26E0ADE-B624-4D65-B2FF-0A085EF759A8}.Release|Any CPU.Build.0 = Release|Any CPU
		{A26E0ADE-B624-4D65-B2FF-0A085EF759A8}.Release|x64.ActiveCfg = Release|Any CPU
		{A26E0ADE-B624-4D65-B2FF-0A085EF759A8}.Release|x64.Build.0 = Release|Any CPU
		{A26E0ADE-B624-4D65-B2FF-0A085EF759A8}.Release|x86.ActiveCfg = Release|Any CPU
		{A26E0ADE-B624-4D65-B2FF-0A085EF759A8}.Release|x86.Build.0 = Release|Any CPU
		{C37A1E7D-11BC-4DE7-8906-7A8F93E458DC}.Debug|Any CPU.ActiveCfg = Debug|Any CPU
		{C37A1E7D-11BC-4DE7-8906-7A8F93E458DC}.Debug|Any CPU.Build.0 = Debug|Any CPU
		{C37A1E7D-11BC-4DE7-8906-7A8F93E458DC}.Debug|x64.ActiveCfg = Debug|Any CPU
		{C37A1E7D-11BC-4DE7-8906-7A8F93E458DC}.Debug|x64.Build.0 = Debug|Any CPU
		{C37A1E7D-11BC-4DE7-8906-7A8F93E458DC}.Debug|x86.ActiveCfg = Debug|Any CPU
		{C37A1E7D-11BC-4DE7-8906-7A8F93E458DC}.Debug|x86.Build.0 = Debug|Any CPU
		{C37A1E7D-11BC-4DE7-8906-7A8F93E458DC}.Release|Any CPU.ActiveCfg = Release|Any CPU
		{C37A1E7D-11BC-4DE7-8906-7A8F93E458DC}.Release|Any CPU.Build.0 = Release|Any CPU
		{C37A1E7D-11BC-4DE7-8906-7A8F93E458DC}.Release|x64.ActiveCfg = Release|Any CPU
		{C37A1E7D-11BC-4DE7-8906-7A8F93E458DC}.Release|x64.Build.0 = Release|Any CPU
		{C37A1E7D-11BC-4DE7-8906-7A8F93E458DC}.Release|x86.ActiveCfg = Release|Any CPU
		{C37A1E7D-11BC-4DE7-8906-7A8F93E458DC}.Release|x86.Build.0 = Release|Any CPU
		{C8C04E11-2FE0-4839-A1E1-01EA88E3D4F4}.Debug|Any CPU.ActiveCfg = Debug|Any CPU
		{C8C04E11-2FE0-4839-A1E1-01EA88E3D4F4}.Debug|Any CPU.Build.0 = Debug|Any CPU
		{C8C04E11-2FE0-4839-A1E1-01EA88E3D4F4}.Debug|x64.ActiveCfg = Debug|Any CPU
		{C8C04E11-2FE0-4839-A1E1-01EA88E3D4F4}.Debug|x64.Build.0 = Debug|Any CPU
		{C8C04E11-2FE0-4839-A1E1-01EA88E3D4F4}.Debug|x86.ActiveCfg = Debug|Any CPU
		{C8C04E11-2FE0-4839-A1E1-01EA88E3D4F4}.Debug|x86.Build.0 = Debug|Any CPU
		{C8C04E11-2FE0-4839-A1E1-01EA88E3D4F4}.Release|Any CPU.ActiveCfg = Release|Any CPU
		{C8C04E11-2FE0-4839-A1E1-01EA88E3D4F4}.Release|Any CPU.Build.0 = Release|Any CPU
		{C8C04E11-2FE0-4839-A1E1-01EA88E3D4F4}.Release|x64.ActiveCfg = Release|Any CPU
		{C8C04E11-2FE0-4839-A1E1-01EA88E3D4F4}.Release|x64.Build.0 = Release|Any CPU
		{C8C04E11-2FE0-4839-A1E1-01EA88E3D4F4}.Release|x86.ActiveCfg = Release|Any CPU
		{C8C04E11-2FE0-4839-A1E1-01EA88E3D4F4}.Release|x86.Build.0 = Release|Any CPU
		{A4731E4F-E5F6-411A-9351-4FF9C5EE9906}.Debug|Any CPU.ActiveCfg = Debug|Any CPU
		{A4731E4F-E5F6-411A-9351-4FF9C5EE9906}.Debug|Any CPU.Build.0 = Debug|Any CPU
		{A4731E4F-E5F6-411A-9351-4FF9C5EE9906}.Debug|x64.ActiveCfg = Debug|Any CPU
		{A4731E4F-E5F6-411A-9351-4FF9C5EE9906}.Debug|x64.Build.0 = Debug|Any CPU
		{A4731E4F-E5F6-411A-9351-4FF9C5EE9906}.Debug|x86.ActiveCfg = Debug|Any CPU
		{A4731E4F-E5F6-411A-9351-4FF9C5EE9906}.Debug|x86.Build.0 = Debug|Any CPU
		{A4731E4F-E5F6-411A-9351-4FF9C5EE9906}.Release|Any CPU.ActiveCfg = Release|Any CPU
		{A4731E4F-E5F6-411A-9351-4FF9C5EE9906}.Release|Any CPU.Build.0 = Release|Any CPU
		{A4731E4F-E5F6-411A-9351-4FF9C5EE9906}.Release|x64.ActiveCfg = Release|Any CPU
		{A4731E4F-E5F6-411A-9351-4FF9C5EE9906}.Release|x64.Build.0 = Release|Any CPU
		{A4731E4F-E5F6-411A-9351-4FF9C5EE9906}.Release|x86.ActiveCfg = Release|Any CPU
		{A4731E4F-E5F6-411A-9351-4FF9C5EE9906}.Release|x86.Build.0 = Release|Any CPU
		{A9DC21A0-8CA8-4F06-A302-062A0045D8A3}.Debug|Any CPU.ActiveCfg = Debug|Any CPU
		{A9DC21A0-8CA8-4F06-A302-062A0045D8A3}.Debug|Any CPU.Build.0 = Debug|Any CPU
		{A9DC21A0-8CA8-4F06-A302-062A0045D8A3}.Debug|x64.ActiveCfg = Debug|Any CPU
		{A9DC21A0-8CA8-4F06-A302-062A0045D8A3}.Debug|x64.Build.0 = Debug|Any CPU
		{A9DC21A0-8CA8-4F06-A302-062A0045D8A3}.Debug|x86.ActiveCfg = Debug|Any CPU
		{A9DC21A0-8CA8-4F06-A302-062A0045D8A3}.Debug|x86.Build.0 = Debug|Any CPU
		{A9DC21A0-8CA8-4F06-A302-062A0045D8A3}.Release|Any CPU.ActiveCfg = Release|Any CPU
		{A9DC21A0-8CA8-4F06-A302-062A0045D8A3}.Release|Any CPU.Build.0 = Release|Any CPU
		{A9DC21A0-8CA8-4F06-A302-062A0045D8A3}.Release|x64.ActiveCfg = Release|Any CPU
		{A9DC21A0-8CA8-4F06-A302-062A0045D8A3}.Release|x64.Build.0 = Release|Any CPU
		{A9DC21A0-8CA8-4F06-A302-062A0045D8A3}.Release|x86.ActiveCfg = Release|Any CPU
		{A9DC21A0-8CA8-4F06-A302-062A0045D8A3}.Release|x86.Build.0 = Release|Any CPU
		{2887A89E-AE78-45B0-8518-AF5C10633291}.Debug|Any CPU.ActiveCfg = Debug|Any CPU
		{2887A89E-AE78-45B0-8518-AF5C10633291}.Debug|Any CPU.Build.0 = Debug|Any CPU
		{2887A89E-AE78-45B0-8518-AF5C10633291}.Debug|x64.ActiveCfg = Debug|Any CPU
		{2887A89E-AE78-45B0-8518-AF5C10633291}.Debug|x64.Build.0 = Debug|Any CPU
		{2887A89E-AE78-45B0-8518-AF5C10633291}.Debug|x86.ActiveCfg = Debug|Any CPU
		{2887A89E-AE78-45B0-8518-AF5C10633291}.Debug|x86.Build.0 = Debug|Any CPU
		{2887A89E-AE78-45B0-8518-AF5C10633291}.Release|Any CPU.ActiveCfg = Release|Any CPU
		{2887A89E-AE78-45B0-8518-AF5C10633291}.Release|Any CPU.Build.0 = Release|Any CPU
		{2887A89E-AE78-45B0-8518-AF5C10633291}.Release|x64.ActiveCfg = Release|Any CPU
		{2887A89E-AE78-45B0-8518-AF5C10633291}.Release|x64.Build.0 = Release|Any CPU
		{2887A89E-AE78-45B0-8518-AF5C10633291}.Release|x86.ActiveCfg = Release|Any CPU
		{2887A89E-AE78-45B0-8518-AF5C10633291}.Release|x86.Build.0 = Release|Any CPU
		{1541385C-BC9F-41D5-BE61-E367972FB698}.Debug|Any CPU.ActiveCfg = Debug|Any CPU
		{1541385C-BC9F-41D5-BE61-E367972FB698}.Debug|Any CPU.Build.0 = Debug|Any CPU
		{1541385C-BC9F-41D5-BE61-E367972FB698}.Debug|x64.ActiveCfg = Debug|Any CPU
		{1541385C-BC9F-41D5-BE61-E367972FB698}.Debug|x64.Build.0 = Debug|Any CPU
		{1541385C-BC9F-41D5-BE61-E367972FB698}.Debug|x86.ActiveCfg = Debug|Any CPU
		{1541385C-BC9F-41D5-BE61-E367972FB698}.Debug|x86.Build.0 = Debug|Any CPU
		{1541385C-BC9F-41D5-BE61-E367972FB698}.Release|Any CPU.ActiveCfg = Release|Any CPU
		{1541385C-BC9F-41D5-BE61-E367972FB698}.Release|Any CPU.Build.0 = Release|Any CPU
		{1541385C-BC9F-41D5-BE61-E367972FB698}.Release|x64.ActiveCfg = Release|Any CPU
		{1541385C-BC9F-41D5-BE61-E367972FB698}.Release|x64.Build.0 = Release|Any CPU
		{1541385C-BC9F-41D5-BE61-E367972FB698}.Release|x86.ActiveCfg = Release|Any CPU
		{1541385C-BC9F-41D5-BE61-E367972FB698}.Release|x86.Build.0 = Release|Any CPU
	EndGlobalSection
	GlobalSection(SolutionProperties) = preSolution
		HideSolutionNode = FALSE
	EndGlobalSection
	GlobalSection(NestedProjects) = preSolution
		{2956094D-093C-4241-B11E-0D5263E0FC66} = {CB749BE1-E0DC-4F03-A751-C84914846967}
		{C37A1E7D-11BC-4DE7-8906-7A8F93E458DC} = {963A73FE-D486-4A92-BC7A-2838B278F80D}
		{C8C04E11-2FE0-4839-A1E1-01EA88E3D4F4} = {963A73FE-D486-4A92-BC7A-2838B278F80D}
		{A9DC21A0-8CA8-4F06-A302-062A0045D8A3} = {E57EFD00-4D09-422E-80A7-0E296309D318}
		{C0B1A132-506A-4F19-A67A-58C1E869FC9A} = {E57EFD00-4D09-422E-80A7-0E296309D318}
	EndGlobalSection
EndGlobal
